{
  "nodes": {
    "agenix": {
      "inputs": {
        "darwin": "darwin",
        "home-manager": "home-manager",
        "nixpkgs": [
          "nixpkgs"
        ]
      },
      "locked": {
        "lastModified": 1696775529,
        "narHash": "sha256-TYlE4B0ktPtlJJF9IFxTWrEeq+XKG8Ny0gc2FGEAdj0=",
        "owner": "ryantm",
        "repo": "agenix",
        "rev": "daf42cb35b2dc614d1551e37f96406e4c4a2d3e4",
        "type": "github"
      },
      "original": {
        "owner": "ryantm",
        "repo": "agenix",
        "type": "github"
      }
    },
    "darwin": {
      "inputs": {
        "nixpkgs": [
          "agenix",
          "nixpkgs"
        ]
      },
      "locked": {
        "lastModified": 1673295039,
        "narHash": "sha256-AsdYgE8/GPwcelGgrntlijMg4t3hLFJFCRF3tL5WVjA=",
        "owner": "lnl7",
        "repo": "nix-darwin",
        "rev": "87b9d090ad39b25b2400029c64825fc2a8868943",
        "type": "github"
      },
      "original": {
        "owner": "lnl7",
        "ref": "master",
        "repo": "nix-darwin",
        "type": "github"
      }
    },
    "devshell": {
      "inputs": {
        "nixpkgs": [
          "nixpkgs"
        ],
        "systems": "systems"
      },
      "locked": {
        "lastModified": 1700815693,
        "narHash": "sha256-JtKZEQUzosrCwDsLgm+g6aqbP1aseUl1334OShEAS3s=",
        "owner": "numtide",
        "repo": "devshell",
        "rev": "7ad1c417c87e98e56dcef7ecd0e0a2f2e5669d51",
        "type": "github"
      },
      "original": {
        "owner": "numtide",
        "repo": "devshell",
        "type": "github"
      }
    },
    "emacs-overlay": {
      "inputs": {
        "flake-utils": "flake-utils",
        "nixpkgs": [
          "nixpkgs"
        ],
        "nixpkgs-stable": "nixpkgs-stable"
      },
      "locked": {
        "lastModified": 1701078029,
        "narHash": "sha256-8rNPRVmbs4YGy7JgIGN7cq1O7RgIJD8DRh/gj1XUInw=",
        "owner": "nix-community",
        "repo": "emacs-overlay",
        "rev": "2527e1367b92eea59652378b88108b162484e7d1",
        "type": "github"
      },
      "original": {
        "owner": "nix-community",
        "repo": "emacs-overlay",
        "type": "github"
      }
    },
    "emacs-src": {
      "flake": false,
      "locked": {
        "lastModified": 1701090202,
        "narHash": "sha256-FcrkJtTPD6pUTn6vW1fqf7rzvHidXcv7VggMRVH4Bxk=",
        "owner": "emacs-mirror",
        "repo": "emacs",
        "rev": "687c416ce9bfba00c771fca859762cee8e1a616b",
        "type": "github"
      },
      "original": {
        "owner": "emacs-mirror",
        "ref": "emacs-29",
        "repo": "emacs",
        "type": "github"
      }
    },
    "fill-sentences-correctly": {
      "flake": false,
      "locked": {
        "lastModified": 1641793608,
        "narHash": "sha256-Un+gg8o4CkXeCfd7xYhTjKhSxl8CMNbs+7vIEn+QdRM=",
        "owner": "duckwork",
        "repo": "fill-sentences-correctly.el",
        "rev": "46f433e83534c4058be4fba6120426fad5e896db",
        "type": "github"
      },
      "original": {
        "owner": "duckwork",
        "repo": "fill-sentences-correctly.el",
        "type": "github"
      }
    },
    "firefox-darwin": {
      "inputs": {
        "nixpkgs": [
          "nixpkgs"
        ]
      },
      "locked": {
        "lastModified": 1700872858,
        "narHash": "sha256-VayTLxOf07yNCnTLBukE2fKEIzPI7fAK2UVdJdIaoFU=",
        "owner": "bandithedoge",
        "repo": "nixpkgs-firefox-darwin",
        "rev": "0071aa8b6c3f20455852a901f833ec94ece1f0bd",
        "type": "github"
      },
      "original": {
        "owner": "bandithedoge",
        "repo": "nixpkgs-firefox-darwin",
        "type": "github"
      }
    },
    "flake-parts": {
      "inputs": {
        "nixpkgs-lib": "nixpkgs-lib"
      },
      "locked": {
        "lastModified": 1698882062,
        "narHash": "sha256-HkhafUayIqxXyHH1X8d9RDl1M2CkFgZLjKD3MzabiEo=",
        "owner": "hercules-ci",
        "repo": "flake-parts",
        "rev": "8c9fa2545007b49a5db5f650ae91f227672c3877",
        "type": "github"
      },
      "original": {
        "owner": "hercules-ci",
        "repo": "flake-parts",
        "type": "github"
      }
    },
    "flake-utils": {
      "inputs": {
        "systems": "systems_2"
      },
      "locked": {
        "lastModified": 1694529238,
        "narHash": "sha256-zsNZZGTGnMOf9YpHKJqMSsa0dXbfmxeoJ7xHlrt+xmY=",
        "owner": "numtide",
        "repo": "flake-utils",
        "rev": "ff7b65b44d01cf9ba6a71320833626af21126384",
        "type": "github"
      },
      "original": {
        "owner": "numtide",
        "repo": "flake-utils",
        "type": "github"
      }
    },
    "git-related": {
      "flake": false,
      "locked": {
        "lastModified": 1700619528,
        "narHash": "sha256-gzneqz7PnSjP8Fn0GmdpQiPICCGfrAMns3Naobo4PG4=",
        "ref": "refs/heads/main",
        "rev": "b4f08dfa73e8ac147b8e1cbaad2f860df213c818",
        "revCount": 5,
        "type": "git",
        "url": "https://codeberg.org/rossabaker/git-related"
      },
      "original": {
        "type": "git",
        "url": "https://codeberg.org/rossabaker/git-related"
      }
    },
    "hocon-mode": {
      "flake": false,
      "locked": {
        "lastModified": 1577586121,
        "narHash": "sha256-LNnCXBzDScTVL84I2LyiNNLxFUS1H37PlDmUyfnk174=",
        "owner": "jxq0",
        "repo": "hocon-mode",
        "rev": "4cf561eaca69b67015e5fec8d4481b1e8b91844d",
        "type": "github"
      },
      "original": {
        "owner": "jxq0",
        "repo": "hocon-mode",
        "type": "github"
      }
    },
    "home-manager": {
      "inputs": {
        "nixpkgs": [
          "agenix",
          "nixpkgs"
        ]
      },
      "locked": {
        "lastModified": 1682203081,
        "narHash": "sha256-kRL4ejWDhi0zph/FpebFYhzqlOBrk0Pl3dzGEKSAlEw=",
        "owner": "nix-community",
        "repo": "home-manager",
        "rev": "32d3e39c491e2f91152c84f8ad8b003420eab0a1",
        "type": "github"
      },
      "original": {
        "owner": "nix-community",
        "repo": "home-manager",
        "type": "github"
      }
    },
    "home-manager_2": {
      "inputs": {
        "nixpkgs": [
          "nixpkgs"
        ]
      },
      "locked": {
        "lastModified": 1701071203,
        "narHash": "sha256-lQywA7QU/vzTdZ1apI0PfgCWNyQobXUYghVrR5zuIeM=",
        "owner": "nix-community",
        "repo": "home-manager",
        "rev": "db1878f013b52ba5e4034db7c1b63e8d04173a86",
        "type": "github"
      },
      "original": {
        "owner": "nix-community",
        "repo": "home-manager",
        "type": "github"
      }
    },
    "jinx": {
      "flake": false,
      "locked": {
        "lastModified": 1700830224,
        "narHash": "sha256-TLIo3r1KIvG1pDLxa1qi/X4c4oW6heaFQwMkD8vlFnQ=",
        "owner": "minad",
        "repo": "jinx",
        "rev": "a3901127d82cc61768104c71ee58bcacd8fb8d29",
        "type": "github"
      },
      "original": {
        "owner": "minad",
        "repo": "jinx",
        "type": "github"
      }
    },
    "nix-darwin": {
      "inputs": {
        "nixpkgs": [
          "nixpkgs"
        ]
      },
      "locked": {
        "lastModified": 1700795494,
        "narHash": "sha256-gzGLZSiOhf155FW7262kdHo2YDeugp3VuIFb4/GGng0=",
        "owner": "LnL7",
        "repo": "nix-darwin",
        "rev": "4b9b83d5a92e8c1fbfd8eb27eda375908c11ec4d",
        "type": "github"
      },
      "original": {
        "owner": "LnL7",
        "ref": "master",
        "repo": "nix-darwin",
        "type": "github"
      }
    },
    "nixpkgs": {
      "locked": {
        "lastModified": 1700794826,
        "narHash": "sha256-RyJTnTNKhO0yqRpDISk03I/4A67/dp96YRxc86YOPgU=",
        "owner": "nixos",
        "repo": "nixpkgs",
        "rev": "5a09cb4b393d58f9ed0d9ca1555016a8543c2ac8",
        "type": "github"
      },
      "original": {
        "owner": "nixos",
        "ref": "nixos-unstable",
        "repo": "nixpkgs",
        "type": "github"
      }
    },
    "nixpkgs-lib": {
      "locked": {
        "dir": "lib",
        "lastModified": 1698611440,
        "narHash": "sha256-jPjHjrerhYDy3q9+s5EAsuhyhuknNfowY6yt6pjn9pc=",
        "owner": "NixOS",
        "repo": "nixpkgs",
        "rev": "0cbe9f69c234a7700596e943bfae7ef27a31b735",
        "type": "github"
      },
      "original": {
        "dir": "lib",
        "owner": "NixOS",
        "ref": "nixos-unstable",
        "repo": "nixpkgs",
        "type": "github"
      }
    },
    "nixpkgs-stable": {
      "locked": {
        "lastModified": 1700989516,
        "narHash": "sha256-oKbmPa2wpTHh9XB3+zIx97uMZGNnp97GPliKKG2/plo=",
        "owner": "NixOS",
        "repo": "nixpkgs",
        "rev": "d2e4de209881b38392933fabf303cde3454b0b4c",
        "type": "github"
      },
      "original": {
        "owner": "NixOS",
        "ref": "nixos-23.05",
        "repo": "nixpkgs",
        "type": "github"
      }
    },
    "ob-ammonite": {
      "flake": false,
      "locked": {
        "lastModified": 1565657991,
        "narHash": "sha256-DUf2waPQhnhWdEDvWhKId7HoxSIdGtpj2lwLyWHeKyo=",
        "owner": "zwild",
        "repo": "ob-ammonite",
        "rev": "39937dff395e70aff76a4224fa49cf2ec6c57cca",
        "type": "github"
      },
      "original": {
        "owner": "zwild",
        "repo": "ob-ammonite",
        "type": "github"
      }
    },
    "on-el": {
      "flake": false,
      "locked": {
        "lastModified": 1670306400,
        "narHash": "sha256-gtSVCpQwv4Ui9VpW7SXnsXIkfHN/6laMLqHTezDcMZg=",
        "owner": "ajgrf",
        "repo": "on.el",
        "rev": "3cf623e1a4331e259ef92e49154ed0551f300436",
        "type": "gitlab"
      },
      "original": {
        "owner": "ajgrf",
        "repo": "on.el",
        "type": "gitlab"
      }
    },
    "root": {
      "inputs": {
        "agenix": "agenix",
        "devshell": "devshell",
        "emacs-overlay": "emacs-overlay",
        "emacs-src": "emacs-src",
        "fill-sentences-correctly": "fill-sentences-correctly",
        "firefox-darwin": "firefox-darwin",
        "flake-parts": "flake-parts",
        "git-related": "git-related",
        "hocon-mode": "hocon-mode",
        "home-manager": "home-manager_2",
        "jinx": "jinx",
        "nix-darwin": "nix-darwin",
        "nixpkgs": "nixpkgs",
        "ob-ammonite": "ob-ammonite",
        "on-el": "on-el",
        "scala-cli-repl": "scala-cli-repl",
        "scala-mode": "scala-mode",
        "unmodified-buffer": "unmodified-buffer"
      }
    },
    "scala-cli-repl": {
      "flake": false,
      "locked": {
        "lastModified": 1700430198,
        "narHash": "sha256-4YpHiEbErgtmQXMp2NvswhVcOw9d6q3jgRVXTldzwXM=",
        "owner": "ag91",
        "repo": "scala-cli-repl",
        "rev": "c4b2660ccdaf03e1fef9cc669a49f3fd96aa91d8",
        "type": "github"
      },
      "original": {
        "owner": "ag91",
        "repo": "scala-cli-repl",
        "type": "github"
      }
    },
    "scala-mode": {
      "flake": false,
      "locked": {
        "lastModified": 1688672909,
        "narHash": "sha256-Ul2BdHK71M1XFBF42bBWzU/lx3yMmPoVaukviuSPK44=",
        "owner": "Kazark",
        "repo": "emacs-scala-mode",
        "rev": "238d4ea85530b44fefd2604eda8b47278e553d34",
        "type": "github"
      },
      "original": {
        "owner": "Kazark",
        "ref": "scala3",
        "repo": "emacs-scala-mode",
        "type": "github"
      }
    },
    "systems": {
      "locked": {
        "lastModified": 1681028828,
        "narHash": "sha256-Vy1rq5AaRuLzOxct8nz4T6wlgyUR7zLU309k9mBC768=",
        "owner": "nix-systems",
        "repo": "default",
        "rev": "da67096a3b9bf56a91d16901293e51ba5b49a27e",
        "type": "github"
      },
      "original": {
        "owner": "nix-systems",
        "repo": "default",
        "type": "github"
      }
    },
    "systems_2": {
      "locked": {
        "lastModified": 1681028828,
        "narHash": "sha256-Vy1rq5AaRuLzOxct8nz4T6wlgyUR7zLU309k9mBC768=",
        "owner": "nix-systems",
        "repo": "default",
        "rev": "da67096a3b9bf56a91d16901293e51ba5b49a27e",
        "type": "github"
      },
      "original": {
        "owner": "nix-systems",
        "repo": "default",
        "type": "github"
      }
    },
    "unmodified-buffer": {
      "flake": false,
      "locked": {
        "lastModified": 1643487728,
        "narHash": "sha256-aMkM/2/ahQfWZI8ZN/XIWaw7uECN70mQI88BEI2p6Kw=",
        "owner": "arthurcgusmao",
        "repo": "unmodified-buffer",
        "rev": "9095a3f870aa570804a11d75aba0952294199715",
        "type": "github"
      },
      "original": {
        "owner": "arthurcgusmao",
        "repo": "unmodified-buffer",
        "type": "github"
      }
    }
  },
  "root": "root",
  "version": 7
}
