{
  "nodes": {
    "ammonite-term-repl": {
      "flake": false,
      "locked": {
        "lastModified": 1587016773,
        "narHash": "sha256-5trLzx9NkyVcjKx/ud6NcxxZkQk+/NihqVmZyv5u1Dw=",
        "owner": "zwild",
        "repo": "ammonite-term-repl",
        "rev": "b552fe21977e005c1c460bf6607557e67241a6b6",
        "type": "github"
      },
      "original": {
        "owner": "zwild",
        "repo": "ammonite-term-repl",
        "type": "github"
      }
    },
    "darwin": {
      "inputs": {
        "nixpkgs": [
          "nixpkgs-darwin"
        ]
      },
      "locked": {
        "lastModified": 1692248770,
        "narHash": "sha256-tZeFpETKQGbgnaSIO1AGWD27IyTcBm4D+A9d7ulQ4NM=",
        "owner": "LnL7",
        "repo": "nix-darwin",
        "rev": "511177ffe8226c78c9cf6a92a7b5f2df3684956b",
        "type": "github"
      },
      "original": {
        "owner": "LnL7",
        "ref": "master",
        "repo": "nix-darwin",
        "type": "github"
      }
    },
    "devshell": {
      "inputs": {
        "nixpkgs": [
          "nixpkgs"
        ],
        "systems": "systems"
      },
      "locked": {
        "lastModified": 1692793255,
        "narHash": "sha256-yVyj0AE280JkccDHuG1XO9oGxN6bW8ksr/xttXcXzK0=",
        "owner": "numtide",
        "repo": "devshell",
        "rev": "2aa26972b951bc05c3632d4e5ae683cb6771a7c6",
        "type": "github"
      },
      "original": {
        "owner": "numtide",
        "repo": "devshell",
        "type": "github"
      }
    },
    "emacs-overlay": {
      "inputs": {
        "flake-utils": "flake-utils",
        "nixpkgs": [
          "nixpkgs"
        ],
        "nixpkgs-stable": "nixpkgs-stable"
      },
      "locked": {
        "lastModified": 1693505936,
        "narHash": "sha256-9l8r/xpr6fo54XIpFSAh7exWDq7QYWMcnNmTnI7nNvM=",
        "owner": "nix-community",
        "repo": "emacs-overlay",
        "rev": "f88e77ec11c9325e61bf06bb2eeed13f90ff2e42",
        "type": "github"
      },
      "original": {
        "owner": "nix-community",
        "repo": "emacs-overlay",
        "type": "github"
      }
    },
    "emacs-src": {
      "flake": false,
      "locked": {
        "lastModified": 1693532497,
        "narHash": "sha256-bPzUdiq7uXLnXl/Z71JmWWnyTcYUrrbcr/sqRAlpyEU=",
        "owner": "emacs-mirror",
        "repo": "emacs",
        "rev": "3f7598806eb923c907dd2d30e8ef1dea12e672ac",
        "type": "github"
      },
      "original": {
        "owner": "emacs-mirror",
        "ref": "emacs-29",
        "repo": "emacs",
        "type": "github"
      }
    },
    "fill-sentences-correctly": {
      "flake": false,
      "locked": {
        "lastModified": 1641793608,
        "narHash": "sha256-Un+gg8o4CkXeCfd7xYhTjKhSxl8CMNbs+7vIEn+QdRM=",
        "owner": "duckwork",
        "repo": "fill-sentences-correctly.el",
        "rev": "46f433e83534c4058be4fba6120426fad5e896db",
        "type": "github"
      },
      "original": {
        "owner": "duckwork",
        "repo": "fill-sentences-correctly.el",
        "type": "github"
      }
    },
    "firefox-darwin": {
      "inputs": {
        "nixpkgs": [
          "nixpkgs-darwin"
        ]
      },
      "locked": {
        "lastModified": 1693528950,
        "narHash": "sha256-7rYI1c/ChryeNGDo5xpUKCEBBd6qOmsFKj7xOLgdhx4=",
        "owner": "bandithedoge",
        "repo": "nixpkgs-firefox-darwin",
        "rev": "0a51ca57d27256e8b5ec610f29f3ebbcfbacac1f",
        "type": "github"
      },
      "original": {
        "owner": "bandithedoge",
        "repo": "nixpkgs-firefox-darwin",
        "type": "github"
      }
    },
    "flake-parts": {
      "inputs": {
        "nixpkgs-lib": "nixpkgs-lib"
      },
      "locked": {
        "lastModified": 1690933134,
        "narHash": "sha256-ab989mN63fQZBFrkk4Q8bYxQCktuHmBIBqUG1jl6/FQ=",
        "owner": "hercules-ci",
        "repo": "flake-parts",
        "rev": "59cf3f1447cfc75087e7273b04b31e689a8599fb",
        "type": "github"
      },
      "original": {
        "owner": "hercules-ci",
        "repo": "flake-parts",
        "type": "github"
      }
    },
    "flake-utils": {
      "inputs": {
        "systems": "systems_2"
      },
      "locked": {
        "lastModified": 1692799911,
        "narHash": "sha256-3eihraek4qL744EvQXsK1Ha6C3CR7nnT8X2qWap4RNk=",
        "owner": "numtide",
        "repo": "flake-utils",
        "rev": "f9e7cf818399d17d347f847525c5a5a8032e4e44",
        "type": "github"
      },
      "original": {
        "owner": "numtide",
        "repo": "flake-utils",
        "type": "github"
      }
    },
    "git-related": {
      "flake": false,
      "locked": {
        "lastModified": 1683041226,
        "narHash": "sha256-OGkyK8Jvoglp6IxbNV8nrsQZacFaN5iW4db5HpvEDyA=",
        "ref": "refs/heads/main",
        "rev": "a2d32f1455c28d88d75b03c820358569d4bb7a9b",
        "revCount": 3,
        "type": "git",
        "url": "https://codeberg.org/rossabaker/git-related"
      },
      "original": {
        "type": "git",
        "url": "https://codeberg.org/rossabaker/git-related"
      }
    },
    "hocon-mode": {
      "flake": false,
      "locked": {
        "lastModified": 1577586121,
        "narHash": "sha256-LNnCXBzDScTVL84I2LyiNNLxFUS1H37PlDmUyfnk174=",
        "owner": "jxq0",
        "repo": "hocon-mode",
        "rev": "4cf561eaca69b67015e5fec8d4481b1e8b91844d",
        "type": "github"
      },
      "original": {
        "owner": "jxq0",
        "repo": "hocon-mode",
        "type": "github"
      }
    },
    "home-manager": {
      "inputs": {
        "nixpkgs": [
          "nixpkgs"
        ]
      },
      "locked": {
        "lastModified": 1693399033,
        "narHash": "sha256-yXhiMo8MnE86sGtPIHAKaLHhmhe8v9tqGGotlUgKJvY=",
        "owner": "nix-community",
        "repo": "home-manager",
        "rev": "f5c15668f9842dd4d5430787d6aa8a28a07f7c10",
        "type": "github"
      },
      "original": {
        "owner": "nix-community",
        "repo": "home-manager",
        "type": "github"
      }
    },
    "jinx": {
      "flake": false,
      "locked": {
        "lastModified": 1692218712,
        "narHash": "sha256-yV8geUhbPw3blYehe63k7z6pkIzfJh88Ywnw4gGwtno=",
        "owner": "minad",
        "repo": "jinx",
        "rev": "417d95002fbf6737d6463e56d2633badff25522c",
        "type": "github"
      },
      "original": {
        "owner": "minad",
        "repo": "jinx",
        "type": "github"
      }
    },
    "nixpkgs": {
      "locked": {
        "lastModified": 1693377291,
        "narHash": "sha256-vYGY9bnqEeIncNarDZYhm6KdLKgXMS+HA2mTRaWEc80=",
        "owner": "nixos",
        "repo": "nixpkgs",
        "rev": "e7f38be3775bab9659575f192ece011c033655f0",
        "type": "github"
      },
      "original": {
        "owner": "nixos",
        "ref": "nixos-unstable",
        "repo": "nixpkgs",
        "type": "github"
      }
    },
    "nixpkgs-darwin": {
      "locked": {
        "lastModified": 1688392541,
        "narHash": "sha256-lHrKvEkCPTUO+7tPfjIcb7Trk6k31rz18vkyqmkeJfY=",
        "owner": "nixos",
        "repo": "nixpkgs",
        "rev": "ea4c80b39be4c09702b0cb3b42eab59e2ba4f24b",
        "type": "github"
      },
      "original": {
        "owner": "nixos",
        "ref": "nixpkgs-22.11-darwin",
        "repo": "nixpkgs",
        "type": "github"
      }
    },
    "nixpkgs-lib": {
      "locked": {
        "dir": "lib",
        "lastModified": 1690881714,
        "narHash": "sha256-h/nXluEqdiQHs1oSgkOOWF+j8gcJMWhwnZ9PFabN6q0=",
        "owner": "NixOS",
        "repo": "nixpkgs",
        "rev": "9e1960bc196baf6881340d53dccb203a951745a2",
        "type": "github"
      },
      "original": {
        "dir": "lib",
        "owner": "NixOS",
        "ref": "nixos-unstable",
        "repo": "nixpkgs",
        "type": "github"
      }
    },
    "nixpkgs-stable": {
      "locked": {
        "lastModified": 1693341273,
        "narHash": "sha256-wrsPjsIx2767909MPGhSIOmkpGELM9eufqLQOPxmZQg=",
        "owner": "NixOS",
        "repo": "nixpkgs",
        "rev": "2ab91c8d65c00fd22a441c69bbf1bc9b420d5ea1",
        "type": "github"
      },
      "original": {
        "owner": "NixOS",
        "ref": "nixos-23.05",
        "repo": "nixpkgs",
        "type": "github"
      }
    },
    "ob-ammonite": {
      "flake": false,
      "locked": {
        "lastModified": 1565657991,
        "narHash": "sha256-DUf2waPQhnhWdEDvWhKId7HoxSIdGtpj2lwLyWHeKyo=",
        "owner": "zwild",
        "repo": "ob-ammonite",
        "rev": "39937dff395e70aff76a4224fa49cf2ec6c57cca",
        "type": "github"
      },
      "original": {
        "owner": "zwild",
        "repo": "ob-ammonite",
        "type": "github"
      }
    },
    "on-el": {
      "flake": false,
      "locked": {
        "lastModified": 1670306400,
        "narHash": "sha256-gtSVCpQwv4Ui9VpW7SXnsXIkfHN/6laMLqHTezDcMZg=",
        "owner": "ajgrf",
        "repo": "on.el",
        "rev": "3cf623e1a4331e259ef92e49154ed0551f300436",
        "type": "gitlab"
      },
      "original": {
        "owner": "ajgrf",
        "repo": "on.el",
        "type": "gitlab"
      }
    },
    "root": {
      "inputs": {
        "ammonite-term-repl": "ammonite-term-repl",
        "darwin": "darwin",
        "devshell": "devshell",
        "emacs-overlay": "emacs-overlay",
        "emacs-src": "emacs-src",
        "fill-sentences-correctly": "fill-sentences-correctly",
        "firefox-darwin": "firefox-darwin",
        "flake-parts": "flake-parts",
        "git-related": "git-related",
        "hocon-mode": "hocon-mode",
        "home-manager": "home-manager",
        "jinx": "jinx",
        "nixpkgs": "nixpkgs",
        "nixpkgs-darwin": "nixpkgs-darwin",
        "ob-ammonite": "ob-ammonite",
        "on-el": "on-el",
        "scala-mode": "scala-mode",
        "unmodified-buffer": "unmodified-buffer"
      }
    },
    "scala-mode": {
      "flake": false,
      "locked": {
        "lastModified": 1688672909,
        "narHash": "sha256-Ul2BdHK71M1XFBF42bBWzU/lx3yMmPoVaukviuSPK44=",
        "owner": "Kazark",
        "repo": "emacs-scala-mode",
        "rev": "238d4ea85530b44fefd2604eda8b47278e553d34",
        "type": "github"
      },
      "original": {
        "owner": "Kazark",
        "ref": "scala3",
        "repo": "emacs-scala-mode",
        "type": "github"
      }
    },
    "systems": {
      "locked": {
        "lastModified": 1681028828,
        "narHash": "sha256-Vy1rq5AaRuLzOxct8nz4T6wlgyUR7zLU309k9mBC768=",
        "owner": "nix-systems",
        "repo": "default",
        "rev": "da67096a3b9bf56a91d16901293e51ba5b49a27e",
        "type": "github"
      },
      "original": {
        "owner": "nix-systems",
        "repo": "default",
        "type": "github"
      }
    },
    "systems_2": {
      "locked": {
        "lastModified": 1681028828,
        "narHash": "sha256-Vy1rq5AaRuLzOxct8nz4T6wlgyUR7zLU309k9mBC768=",
        "owner": "nix-systems",
        "repo": "default",
        "rev": "da67096a3b9bf56a91d16901293e51ba5b49a27e",
        "type": "github"
      },
      "original": {
        "owner": "nix-systems",
        "repo": "default",
        "type": "github"
      }
    },
    "unmodified-buffer": {
      "flake": false,
      "locked": {
        "lastModified": 1643487728,
        "narHash": "sha256-aMkM/2/ahQfWZI8ZN/XIWaw7uECN70mQI88BEI2p6Kw=",
        "owner": "arthurcgusmao",
        "repo": "unmodified-buffer",
        "rev": "9095a3f870aa570804a11d75aba0952294199715",
        "type": "github"
      },
      "original": {
        "owner": "arthurcgusmao",
        "repo": "unmodified-buffer",
        "type": "github"
      }
    }
  },
  "root": "root",
  "version": 7
}
