{
  "nodes": {
    "darwin": {
      "inputs": {
        "nixpkgs": [
          "nixpkgs-darwin"
        ]
      },
      "locked": {
        "lastModified": 1642495030,
        "narHash": "sha256-u1ZlFbLWzkM6zOfuZ1tr0tzTuDWucOYwALPWDWLorkE=",
        "owner": "LnL7",
        "repo": "nix-darwin",
        "rev": "bcdb6022b3a300abf59cb5d0106c158940f5120e",
        "type": "github"
      },
      "original": {
        "owner": "LnL7",
        "ref": "master",
        "repo": "nix-darwin",
        "type": "github"
      }
    },
    "devshell": {
      "locked": {
        "lastModified": 1643393796,
        "narHash": "sha256-+wb2OFWJjXUZw3HQezACc9Lj/5uuhNpUtrjDiIYw8H4=",
        "owner": "numtide",
        "repo": "devshell",
        "rev": "fff3dc6e4538f6df85ee3027f13cc7730b23f61d",
        "type": "github"
      },
      "original": {
        "owner": "numtide",
        "repo": "devshell",
        "type": "github"
      }
    },
    "emacs-overlay": {
      "locked": {
        "lastModified": 1643566962,
        "narHash": "sha256-m5kp5dhyC+DDcb8uWsE1lbuHcc4zKetelp7go2OAPM4=",
        "owner": "nix-community",
        "repo": "emacs-overlay",
        "rev": "3dc758e921fa693abce1fe1cd5f28e0381eec83b",
        "type": "github"
      },
      "original": {
        "owner": "nix-community",
        "repo": "emacs-overlay",
        "type": "github"
      }
    },
    "fill-sentences-correctly": {
      "flake": false,
      "locked": {
        "lastModified": 1641793608,
        "narHash": "sha256-Un+gg8o4CkXeCfd7xYhTjKhSxl8CMNbs+7vIEn+QdRM=",
        "owner": "duckwork",
        "repo": "fill-sentences-correctly.el",
        "rev": "46f433e83534c4058be4fba6120426fad5e896db",
        "type": "github"
      },
      "original": {
        "owner": "duckwork",
        "repo": "fill-sentences-correctly.el",
        "type": "github"
      }
    },
    "gomod2nix": {
      "inputs": {
        "nixpkgs": "nixpkgs",
        "utils": "utils"
      },
      "locked": {
        "lastModified": 1641803356,
        "narHash": "sha256-ZjF43cckJLJCV9I+SXwTGNQGI52KrYwUhLt/R83TyKk=",
        "owner": "tweag",
        "repo": "gomod2nix",
        "rev": "fc5adcc53031c5a3934500a57896a840a2bd073d",
        "type": "github"
      },
      "original": {
        "owner": "tweag",
        "repo": "gomod2nix",
        "type": "github"
      }
    },
    "hardware": {
      "locked": {
        "lastModified": 1641965797,
        "narHash": "sha256-AfxfIzAZbt9aAzpVBn0Bwhd/M4Wix7G91kEjm9H6FPo=",
        "owner": "nixos",
        "repo": "nixos-hardware",
        "rev": "87a35a0d58f546dc23f37b4f6af575d0e4be6a7a",
        "type": "github"
      },
      "original": {
        "owner": "nixos",
        "repo": "nixos-hardware",
        "type": "github"
      }
    },
    "hocon-mode": {
      "flake": false,
      "locked": {
        "lastModified": 1577586121,
        "narHash": "sha256-LNnCXBzDScTVL84I2LyiNNLxFUS1H37PlDmUyfnk174=",
        "owner": "jxq0",
        "repo": "hocon-mode",
        "rev": "4cf561eaca69b67015e5fec8d4481b1e8b91844d",
        "type": "github"
      },
      "original": {
        "owner": "jxq0",
        "repo": "hocon-mode",
        "type": "github"
      }
    },
    "home-manager": {
      "inputs": {
        "nixpkgs": [
          "nixpkgs"
        ]
      },
      "locked": {
        "lastModified": 1643567433,
        "narHash": "sha256-tyFgodcZRlt0ZshbgyLf4m/Sd/ys9p0AHfeVZQ50WKU=",
        "owner": "nix-community",
        "repo": "home-manager",
        "rev": "95d39e13a4a7a818c87f2701b59820d3ac0e674c",
        "type": "github"
      },
      "original": {
        "owner": "nix-community",
        "repo": "home-manager",
        "type": "github"
      }
    },
    "nixpkgs": {
      "locked": {
        "lastModified": 1625191069,
        "narHash": "sha256-M8/UH9pMgQEtuzY9bFwklYw8hx0pOKtUTyQC8E2UTHY=",
        "owner": "NixOS",
        "repo": "nixpkgs",
        "rev": "d8079260a3028ae3221d7a5467443ee3a9edd2b8",
        "type": "github"
      },
      "original": {
        "owner": "NixOS",
        "ref": "nixos-unstable",
        "repo": "nixpkgs",
        "type": "github"
      }
    },
    "nixpkgs-darwin": {
      "locked": {
        "lastModified": 1643421252,
        "narHash": "sha256-icSgAFt+EVW2etGE5Orm8fIf8NeL0OR7luQgXOAdkow=",
        "owner": "nixos",
        "repo": "nixpkgs",
        "rev": "46450f2f65f117459157e4ea90e39c6601e38109",
        "type": "github"
      },
      "original": {
        "owner": "nixos",
        "ref": "nixpkgs-21.11-darwin",
        "repo": "nixpkgs",
        "type": "github"
      }
    },
    "nixpkgs_2": {
      "locked": {
        "lastModified": 1643347846,
        "narHash": "sha256-O0tyXF//ppRpe9yT1Uu5n34yI2MWDyY6ZiJ4Qn5zIkE=",
        "owner": "nixos",
        "repo": "nixpkgs",
        "rev": "5bb20f9dc70e9ee16e21cc404b6508654931ce41",
        "type": "github"
      },
      "original": {
        "owner": "nixos",
        "ref": "nixos-unstable",
        "repo": "nixpkgs",
        "type": "github"
      }
    },
    "root": {
      "inputs": {
        "darwin": "darwin",
        "devshell": "devshell",
        "emacs-overlay": "emacs-overlay",
        "fill-sentences-correctly": "fill-sentences-correctly",
        "gomod2nix": "gomod2nix",
        "hardware": "hardware",
        "hocon-mode": "hocon-mode",
        "home-manager": "home-manager",
        "nixpkgs": "nixpkgs_2",
        "nixpkgs-darwin": "nixpkgs-darwin",
        "scala-mode": "scala-mode",
        "unmodified-buffer": "unmodified-buffer",
        "utils": "utils_2"
      }
    },
    "scala-mode": {
      "flake": false,
      "locked": {
        "lastModified": 1641325538,
        "narHash": "sha256-xFNJ6MGTyitjjPjMFC40mcN8iNdyIEPNlW5P2XyZ8vE=",
        "owner": "Kazark",
        "repo": "emacs-scala-mode",
        "rev": "1ef3ce5dc4750d396276a2331411c42983127906",
        "type": "github"
      },
      "original": {
        "owner": "Kazark",
        "ref": "scala3",
        "repo": "emacs-scala-mode",
        "type": "github"
      }
    },
    "unmodified-buffer": {
      "flake": false,
      "locked": {
        "lastModified": 1643487728,
        "narHash": "sha256-aMkM/2/ahQfWZI8ZN/XIWaw7uECN70mQI88BEI2p6Kw=",
        "owner": "arthurcgusmao",
        "repo": "unmodified-buffer",
        "rev": "9095a3f870aa570804a11d75aba0952294199715",
        "type": "github"
      },
      "original": {
        "owner": "arthurcgusmao",
        "repo": "unmodified-buffer",
        "type": "github"
      }
    },
    "utils": {
      "locked": {
        "lastModified": 1623875721,
        "narHash": "sha256-A8BU7bjS5GirpAUv4QA+QnJ4CceLHkcXdRp4xITDB0s=",
        "owner": "numtide",
        "repo": "flake-utils",
        "rev": "f7e004a55b120c02ecb6219596820fcd32ca8772",
        "type": "github"
      },
      "original": {
        "owner": "numtide",
        "repo": "flake-utils",
        "type": "github"
      }
    },
    "utils_2": {
      "locked": {
        "lastModified": 1642700792,
        "narHash": "sha256-XqHrk7hFb+zBvRg6Ghl+AZDq03ov6OshJLiSWOoX5es=",
        "owner": "numtide",
        "repo": "flake-utils",
        "rev": "846b2ae0fc4cc943637d3d1def4454213e203cba",
        "type": "github"
      },
      "original": {
        "owner": "numtide",
        "repo": "flake-utils",
        "type": "github"
      }
    }
  },
  "root": "root",
  "version": 7
}
